PODS:
  - AppAuth (1.7.6):
    - AppAuth/Core (= 1.7.6)
    - AppAuth/ExternalUserAgent (= 1.7.6)
  - AppAuth/Core (1.7.6)
  - AppAuth/ExternalUserAgent (1.7.6):
    - AppAuth/Core
  - boost (1.83.0)
  - DoubleConversion (1.1.6)
  - FBLazyVector (0.73.7)
  - FBReactNativeSpec (0.73.7):
    - RCT-Folly (= 2022.05.16.00)
    - RCTRequired (= 0.73.7)
    - RCTTypeSafety (= 0.73.7)
    - React-Core (= 0.73.7)
    - React-jsi (= 0.73.7)
    - ReactCommon/turbomodule/core (= 0.73.7)
  - Firebase/Auth (11.11.0):
    - Firebase/CoreOnly
    - FirebaseAuth (~> 11.11.0)
  - Firebase/CoreOnly (11.11.0):
    - FirebaseCore (~> 11.11.0)
  - Firebase/Messaging (11.11.0):
    - Firebase/CoreOnly
    - FirebaseMessaging (~> 11.11.0)
  - FirebaseAppCheckInterop (11.14.0)
  - FirebaseAuth (11.11.0):
    - FirebaseAppCheckInterop (~> 11.0)
    - FirebaseAuthInterop (~> 11.0)
    - FirebaseCore (~> 11.11.0)
    - FirebaseCoreExtension (~> 11.11.0)
    - GoogleUtilities/AppDelegateSwizzler (~> 8.0)
    - GoogleUtilities/Environment (~> 8.0)
    - GTMSessionFetcher/Core (< 5.0, >= 3.4)
    - RecaptchaInterop (~> 101.0)
  - FirebaseAuthInterop (11.14.0)
  - FirebaseCore (11.11.0):
    - FirebaseCoreInternal (~> 11.11.0)
    - GoogleUtilities/Environment (~> 8.0)
    - GoogleUtilities/Logger (~> 8.0)
  - FirebaseCoreExtension (11.11.0):
    - FirebaseCore (~> 11.11.0)
  - FirebaseCoreInternal (11.11.0):
    - "GoogleUtilities/NSData+zlib (~> 8.0)"
  - FirebaseInstallations (11.11.0):
    - FirebaseCore (~> 11.11.0)
    - GoogleUtilities/Environment (~> 8.0)
    - GoogleUtilities/UserDefaults (~> 8.0)
    - PromisesObjC (~> 2.4)
  - FirebaseMessaging (11.11.0):
    - FirebaseCore (~> 11.11.0)
    - FirebaseInstallations (~> 11.0)
    - GoogleDataTransport (~> 10.0)
    - GoogleUtilities/AppDelegateSwizzler (~> 8.0)
    - GoogleUtilities/Environment (~> 8.0)
    - GoogleUtilities/Reachability (~> 8.0)
    - GoogleUtilities/UserDefaults (~> 8.0)
    - nanopb (~> 3.30910.0)
  - fmt (6.2.1)
  - glog (0.3.5)
  - GoogleDataTransport (10.1.0):
    - nanopb (~> 3.30910.0)
    - PromisesObjC (~> 2.4)
  - GoogleSignIn (7.1.0):
    - AppAuth (< 2.0, >= 1.7.3)
    - GTMAppAuth (< 5.0, >= 4.1.1)
    - GTMSessionFetcher/Core (~> 3.3)
  - GoogleUtilities/AppDelegateSwizzler (8.1.0):
    - GoogleUtilities/Environment
    - GoogleUtilities/Logger
    - GoogleUtilities/Network
    - GoogleUtilities/Privacy
  - GoogleUtilities/Environment (8.1.0):
    - GoogleUtilities/Privacy
  - GoogleUtilities/Logger (8.1.0):
    - GoogleUtilities/Environment
    - GoogleUtilities/Privacy
  - GoogleUtilities/Network (8.1.0):
    - GoogleUtilities/Logger
    - "GoogleUtilities/NSData+zlib"
    - GoogleUtilities/Privacy
    - GoogleUtilities/Reachability
  - "GoogleUtilities/NSData+zlib (8.1.0)":
    - GoogleUtilities/Privacy
  - GoogleUtilities/Privacy (8.1.0)
  - GoogleUtilities/Reachability (8.1.0):
    - GoogleUtilities/Logger
    - GoogleUtilities/Privacy
  - GoogleUtilities/UserDefaults (8.1.0):
    - GoogleUtilities/Logger
    - GoogleUtilities/Privacy
  - GTMAppAuth (4.1.1):
    - AppAuth/Core (~> 1.7)
    - GTMSessionFetcher/Core (< 4.0, >= 3.3)
  - GTMSessionFetcher/Core (3.5.0)
  - hermes-engine (0.73.7):
    - hermes-engine/Pre-built (= 0.73.7)
  - hermes-engine/Pre-built (0.73.7)
  - libevent (2.1.12)
  - nanopb (3.30910.0):
    - nanopb/decode (= 3.30910.0)
    - nanopb/encode (= 3.30910.0)
  - nanopb/decode (3.30910.0)
  - nanopb/encode (3.30910.0)
  - PromisesObjC (2.4.0)
  - RCT-Folly (2022.05.16.00):
    - boost
    - DoubleConversion
    - fmt (~> 6.2.1)
    - glog
    - RCT-Folly/Default (= 2022.05.16.00)
  - RCT-Folly/Default (2022.05.16.00):
    - boost
    - DoubleConversion
    - fmt (~> 6.2.1)
    - glog
  - RCT-Folly/Fabric (2022.05.16.00):
    - boost
    - DoubleConversion
    - fmt (~> 6.2.1)
    - glog
  - RCT-Folly/Futures (2022.05.16.00):
    - boost
    - DoubleConversion
    - fmt (~> 6.2.1)
    - glog
    - libevent
  - RCTRequired (0.73.7)
  - RCTTypeSafety (0.73.7):
    - FBLazyVector (= 0.73.7)
    - RCTRequired (= 0.73.7)
    - React-Core (= 0.73.7)
  - React (0.73.7):
    - React-Core (= 0.73.7)
    - React-Core/DevSupport (= 0.73.7)
    - React-Core/RCTWebSocket (= 0.73.7)
    - React-RCTActionSheet (= 0.73.7)
    - React-RCTAnimation (= 0.73.7)
    - React-RCTBlob (= 0.73.7)
    - React-RCTImage (= 0.73.7)
    - React-RCTLinking (= 0.73.7)
    - React-RCTNetwork (= 0.73.7)
    - React-RCTSettings (= 0.73.7)
    - React-RCTText (= 0.73.7)
    - React-RCTVibration (= 0.73.7)
  - React-callinvoker (0.73.7)
  - React-Codegen (0.73.7):
    - DoubleConversion
    - FBReactNativeSpec
    - glog
    - hermes-engine
    - RCT-Folly
    - RCTRequired
    - RCTTypeSafety
    - React-Core
    - React-jsi
    - React-jsiexecutor
    - React-NativeModulesApple
    - React-rncore
    - ReactCommon/turbomodule/bridging
    - ReactCommon/turbomodule/core
  - React-Core (0.73.7):
    - glog
    - hermes-engine
    - RCT-Folly (= 2022.05.16.00)
    - React-Core/Default (= 0.73.7)
    - React-cxxreact
    - React-hermes
    - React-jsi
    - React-jsiexecutor
    - React-perflogger
    - React-runtimescheduler
    - React-utils
    - SocketRocket (= 0.6.1)
    - Yoga
  - React-Core/CoreModulesHeaders (0.73.7):
    - glog
    - hermes-engine
    - RCT-Folly (= 2022.05.16.00)
    - React-Core/Default
    - React-cxxreact
    - React-hermes
    - React-jsi
    - React-jsiexecutor
    - React-perflogger
    - React-runtimescheduler
    - React-utils
    - SocketRocket (= 0.6.1)
    - Yoga
  - React-Core/Default (0.73.7):
    - glog
    - hermes-engine
    - RCT-Folly (= 2022.05.16.00)
    - React-cxxreact
    - React-hermes
    - React-jsi
    - React-jsiexecutor
    - React-perflogger
    - React-runtimescheduler
    - React-utils
    - SocketRocket (= 0.6.1)
    - Yoga
  - React-Core/DevSupport (0.73.7):
    - glog
    - hermes-engine
    - RCT-Folly (= 2022.05.16.00)
    - React-Core/Default (= 0.73.7)
    - React-Core/RCTWebSocket (= 0.73.7)
    - React-cxxreact
    - React-hermes
    - React-jsi
    - React-jsiexecutor
    - React-jsinspector (= 0.73.7)
    - React-perflogger
    - React-runtimescheduler
    - React-utils
    - SocketRocket (= 0.6.1)
    - Yoga
  - React-Core/RCTActionSheetHeaders (0.73.7):
    - glog
    - hermes-engine
    - RCT-Folly (= 2022.05.16.00)
    - React-Core/Default
    - React-cxxreact
    - React-hermes
    - React-jsi
    - React-jsiexecutor
    - React-perflogger
    - React-runtimescheduler
    - React-utils
    - SocketRocket (= 0.6.1)
    - Yoga
  - React-Core/RCTAnimationHeaders (0.73.7):
    - glog
    - hermes-engine
    - RCT-Folly (= 2022.05.16.00)
    - React-Core/Default
    - React-cxxreact
    - React-hermes
    - React-jsi
    - React-jsiexecutor
    - React-perflogger
    - React-runtimescheduler
    - React-utils
    - SocketRocket (= 0.6.1)
    - Yoga
  - React-Core/RCTBlobHeaders (0.73.7):
    - glog
    - hermes-engine
    - RCT-Folly (= 2022.05.16.00)
    - React-Core/Default
    - React-cxxreact
    - React-hermes
    - React-jsi
    - React-jsiexecutor
    - React-perflogger
    - React-runtimescheduler
    - React-utils
    - SocketRocket (= 0.6.1)
    - Yoga
  - React-Core/RCTImageHeaders (0.73.7):
    - glog
    - hermes-engine
    - RCT-Folly (= 2022.05.16.00)
    - React-Core/Default
    - React-cxxreact
    - React-hermes
    - React-jsi
    - React-jsiexecutor
    - React-perflogger
    - React-runtimescheduler
    - React-utils
    - SocketRocket (= 0.6.1)
    - Yoga
  - React-Core/RCTLinkingHeaders (0.73.7):
    - glog
    - hermes-engine
    - RCT-Folly (= 2022.05.16.00)
    - React-Core/Default
    - React-cxxreact
    - React-hermes
    - React-jsi
    - React-jsiexecutor
    - React-perflogger
    - React-runtimescheduler
    - React-utils
    - SocketRocket (= 0.6.1)
    - Yoga
  - React-Core/RCTNetworkHeaders (0.73.7):
    - glog
    - hermes-engine
    - RCT-Folly (= 2022.05.16.00)
    - React-Core/Default
    - React-cxxreact
    - React-hermes
    - React-jsi
    - React-jsiexecutor
    - React-perflogger
    - React-runtimescheduler
    - React-utils
    - SocketRocket (= 0.6.1)
    - Yoga
  - React-Core/RCTSettingsHeaders (0.73.7):
    - glog
    - hermes-engine
    - RCT-Folly (= 2022.05.16.00)
    - React-Core/Default
    - React-cxxreact
    - React-hermes
    - React-jsi
    - React-jsiexecutor
    - React-perflogger
    - React-runtimescheduler
    - React-utils
    - SocketRocket (= 0.6.1)
    - Yoga
  - React-Core/RCTTextHeaders (0.73.7):
    - glog
    - hermes-engine
    - RCT-Folly (= 2022.05.16.00)
    - React-Core/Default
    - React-cxxreact
    - React-hermes
    - React-jsi
    - React-jsiexecutor
    - React-perflogger
    - React-runtimescheduler
    - React-utils
    - SocketRocket (= 0.6.1)
    - Yoga
  - React-Core/RCTVibrationHeaders (0.73.7):
    - glog
    - hermes-engine
    - RCT-Folly (= 2022.05.16.00)
    - React-Core/Default
    - React-cxxreact
    - React-hermes
    - React-jsi
    - React-jsiexecutor
    - React-perflogger
    - React-runtimescheduler
    - React-utils
    - SocketRocket (= 0.6.1)
    - Yoga
  - React-Core/RCTWebSocket (0.73.7):
    - glog
    - hermes-engine
    - RCT-Folly (= 2022.05.16.00)
    - React-Core/Default (= 0.73.7)
    - React-cxxreact
    - React-hermes
    - React-jsi
    - React-jsiexecutor
    - React-perflogger
    - React-runtimescheduler
    - React-utils
    - SocketRocket (= 0.6.1)
    - Yoga
  - React-CoreModules (0.73.7):
    - RCT-Folly (= 2022.05.16.00)
    - RCTTypeSafety (= 0.73.7)
    - React-Codegen
    - React-Core/CoreModulesHeaders (= 0.73.7)
    - React-jsi (= 0.73.7)
    - React-NativeModulesApple
    - React-RCTBlob
    - React-RCTImage (= 0.73.7)
    - ReactCommon
    - SocketRocket (= 0.6.1)
  - React-cxxreact (0.73.7):
    - boost (= 1.83.0)
    - DoubleConversion
    - fmt (~> 6.2.1)
    - glog
    - hermes-engine
    - RCT-Folly (= 2022.05.16.00)
    - React-callinvoker (= 0.73.7)
    - React-debug (= 0.73.7)
    - React-jsi (= 0.73.7)
    - React-jsinspector (= 0.73.7)
    - React-logger (= 0.73.7)
    - React-perflogger (= 0.73.7)
    - React-runtimeexecutor (= 0.73.7)
  - React-debug (0.73.7)
  - React-Fabric (0.73.7):
    - DoubleConversion
    - fmt (~> 6.2.1)
    - glog
    - hermes-engine
    - RCT-Folly/Fabric (= 2022.05.16.00)
    - RCTRequired
    - RCTTypeSafety
    - React-Core
    - React-cxxreact
    - React-debug
    - React-Fabric/animations (= 0.73.7)
    - React-Fabric/attributedstring (= 0.73.7)
    - React-Fabric/componentregistry (= 0.73.7)
    - React-Fabric/componentregistrynative (= 0.73.7)
    - React-Fabric/components (= 0.73.7)
    - React-Fabric/core (= 0.73.7)
    - React-Fabric/imagemanager (= 0.73.7)
    - React-Fabric/leakchecker (= 0.73.7)
    - React-Fabric/mounting (= 0.73.7)
    - React-Fabric/scheduler (= 0.73.7)
    - React-Fabric/telemetry (= 0.73.7)
    - React-Fabric/templateprocessor (= 0.73.7)
    - React-Fabric/textlayoutmanager (= 0.73.7)
    - React-Fabric/uimanager (= 0.73.7)
    - React-graphics
    - React-jsi
    - React-jsiexecutor
    - React-logger
    - React-rendererdebug
    - React-runtimescheduler
    - React-utils
    - ReactCommon/turbomodule/core
  - React-Fabric/animations (0.73.7):
    - DoubleConversion
    - fmt (~> 6.2.1)
    - glog
    - hermes-engine
    - RCT-Folly/Fabric (= 2022.05.16.00)
    - RCTRequired
    - RCTTypeSafety
    - React-Core
    - React-cxxreact
    - React-debug
    - React-graphics
    - React-jsi
    - React-jsiexecutor
    - React-logger
    - React-rendererdebug
    - React-runtimescheduler
    - React-utils
    - ReactCommon/turbomodule/core
  - React-Fabric/attributedstring (0.73.7):
    - DoubleConversion
    - fmt (~> 6.2.1)
    - glog
    - hermes-engine
    - RCT-Folly/Fabric (= 2022.05.16.00)
    - RCTRequired
    - RCTTypeSafety
    - React-Core
    - React-cxxreact
    - React-debug
    - React-graphics
    - React-jsi
    - React-jsiexecutor
    - React-logger
    - React-rendererdebug
    - React-runtimescheduler
    - React-utils
    - ReactCommon/turbomodule/core
  - React-Fabric/componentregistry (0.73.7):
    - DoubleConversion
    - fmt (~> 6.2.1)
    - glog
    - hermes-engine
    - RCT-Folly/Fabric (= 2022.05.16.00)
    - RCTRequired
    - RCTTypeSafety
    - React-Core
    - React-cxxreact
    - React-debug
    - React-graphics
    - React-jsi
    - React-jsiexecutor
    - React-logger
    - React-rendererdebug
    - React-runtimescheduler
    - React-utils
    - ReactCommon/turbomodule/core
  - React-Fabric/componentregistrynative (0.73.7):
    - DoubleConversion
    - fmt (~> 6.2.1)
    - glog
    - hermes-engine
    - RCT-Folly/Fabric (= 2022.05.16.00)
    - RCTRequired
    - RCTTypeSafety
    - React-Core
    - React-cxxreact
    - React-debug
    - React-graphics
    - React-jsi
    - React-jsiexecutor
    - React-logger
    - React-rendererdebug
    - React-runtimescheduler
    - React-utils
    - ReactCommon/turbomodule/core
  - React-Fabric/components (0.73.7):
    - DoubleConversion
    - fmt (~> 6.2.1)
    - glog
    - hermes-engine
    - RCT-Folly/Fabric (= 2022.05.16.00)
    - RCTRequired
    - RCTTypeSafety
    - React-Core
    - React-cxxreact
    - React-debug
    - React-Fabric/components/inputaccessory (= 0.73.7)
    - React-Fabric/components/legacyviewmanagerinterop (= 0.73.7)
    - React-Fabric/components/modal (= 0.73.7)
    - React-Fabric/components/rncore (= 0.73.7)
    - React-Fabric/components/root (= 0.73.7)
    - React-Fabric/components/safeareaview (= 0.73.7)
    - React-Fabric/components/scrollview (= 0.73.7)
    - React-Fabric/components/text (= 0.73.7)
    - React-Fabric/components/textinput (= 0.73.7)
    - React-Fabric/components/unimplementedview (= 0.73.7)
    - React-Fabric/components/view (= 0.73.7)
    - React-graphics
    - React-jsi
    - React-jsiexecutor
    - React-logger
    - React-rendererdebug
    - React-runtimescheduler
    - React-utils
    - ReactCommon/turbomodule/core
  - React-Fabric/components/inputaccessory (0.73.7):
    - DoubleConversion
    - fmt (~> 6.2.1)
    - glog
    - hermes-engine
    - RCT-Folly/Fabric (= 2022.05.16.00)
    - RCTRequired
    - RCTTypeSafety
    - React-Core
    - React-cxxreact
    - React-debug
    - React-graphics
    - React-jsi
    - React-jsiexecutor
    - React-logger
    - React-rendererdebug
    - React-runtimescheduler
    - React-utils
    - ReactCommon/turbomodule/core
  - React-Fabric/components/legacyviewmanagerinterop (0.73.7):
    - DoubleConversion
    - fmt (~> 6.2.1)
    - glog
    - hermes-engine
    - RCT-Folly/Fabric (= 2022.05.16.00)
    - RCTRequired
    - RCTTypeSafety
    - React-Core
    - React-cxxreact
    - React-debug
    - React-graphics
    - React-jsi
    - React-jsiexecutor
    - React-logger
    - React-rendererdebug
    - React-runtimescheduler
    - React-utils
    - ReactCommon/turbomodule/core
  - React-Fabric/components/modal (0.73.7):
    - DoubleConversion
    - fmt (~> 6.2.1)
    - glog
    - hermes-engine
    - RCT-Folly/Fabric (= 2022.05.16.00)
    - RCTRequired
    - RCTTypeSafety
    - React-Core
    - React-cxxreact
    - React-debug
    - React-graphics
    - React-jsi
    - React-jsiexecutor
    - React-logger
    - React-rendererdebug
    - React-runtimescheduler
    - React-utils
    - ReactCommon/turbomodule/core
  - React-Fabric/components/rncore (0.73.7):
    - DoubleConversion
    - fmt (~> 6.2.1)
    - glog
    - hermes-engine
    - RCT-Folly/Fabric (= 2022.05.16.00)
    - RCTRequired
    - RCTTypeSafety
    - React-Core
    - React-cxxreact
    - React-debug
    - React-graphics
    - React-jsi
    - React-jsiexecutor
    - React-logger
    - React-rendererdebug
    - React-runtimescheduler
    - React-utils
    - ReactCommon/turbomodule/core
  - React-Fabric/components/root (0.73.7):
    - DoubleConversion
    - fmt (~> 6.2.1)
    - glog
    - hermes-engine
    - RCT-Folly/Fabric (= 2022.05.16.00)
    - RCTRequired
    - RCTTypeSafety
    - React-Core
    - React-cxxreact
    - React-debug
    - React-graphics
    - React-jsi
    - React-jsiexecutor
    - React-logger
    - React-rendererdebug
    - React-runtimescheduler
    - React-utils
    - ReactCommon/turbomodule/core
  - React-Fabric/components/safeareaview (0.73.7):
    - DoubleConversion
    - fmt (~> 6.2.1)
    - glog
    - hermes-engine
    - RCT-Folly/Fabric (= 2022.05.16.00)
    - RCTRequired
    - RCTTypeSafety
    - React-Core
    - React-cxxreact
    - React-debug
    - React-graphics
    - React-jsi
    - React-jsiexecutor
    - React-logger
    - React-rendererdebug
    - React-runtimescheduler
    - React-utils
    - ReactCommon/turbomodule/core
  - React-Fabric/components/scrollview (0.73.7):
    - DoubleConversion
    - fmt (~> 6.2.1)
    - glog
    - hermes-engine
    - RCT-Folly/Fabric (= 2022.05.16.00)
    - RCTRequired
    - RCTTypeSafety
    - React-Core
    - React-cxxreact
    - React-debug
    - React-graphics
    - React-jsi
    - React-jsiexecutor
    - React-logger
    - React-rendererdebug
    - React-runtimescheduler
    - React-utils
    - ReactCommon/turbomodule/core
  - React-Fabric/components/text (0.73.7):
    - DoubleConversion
    - fmt (~> 6.2.1)
    - glog
    - hermes-engine
    - RCT-Folly/Fabric (= 2022.05.16.00)
    - RCTRequired
    - RCTTypeSafety
    - React-Core
    - React-cxxreact
    - React-debug
    - React-graphics
    - React-jsi
    - React-jsiexecutor
    - React-logger
    - React-rendererdebug
    - React-runtimescheduler
    - React-utils
    - ReactCommon/turbomodule/core
  - React-Fabric/components/textinput (0.73.7):
    - DoubleConversion
    - fmt (~> 6.2.1)
    - glog
    - hermes-engine
    - RCT-Folly/Fabric (= 2022.05.16.00)
    - RCTRequired
    - RCTTypeSafety
    - React-Core
    - React-cxxreact
    - React-debug
    - React-graphics
    - React-jsi
    - React-jsiexecutor
    - React-logger
    - React-rendererdebug
    - React-runtimescheduler
    - React-utils
    - ReactCommon/turbomodule/core
  - React-Fabric/components/unimplementedview (0.73.7):
    - DoubleConversion
    - fmt (~> 6.2.1)
    - glog
    - hermes-engine
    - RCT-Folly/Fabric (= 2022.05.16.00)
    - RCTRequired
    - RCTTypeSafety
    - React-Core
    - React-cxxreact
    - React-debug
    - React-graphics
    - React-jsi
    - React-jsiexecutor
    - React-logger
    - React-rendererdebug
    - React-runtimescheduler
    - React-utils
    - ReactCommon/turbomodule/core
  - React-Fabric/components/view (0.73.7):
    - DoubleConversion
    - fmt (~> 6.2.1)
    - glog
    - hermes-engine
    - RCT-Folly/Fabric (= 2022.05.16.00)
    - RCTRequired
    - RCTTypeSafety
    - React-Core
    - React-cxxreact
    - React-debug
    - React-graphics
    - React-jsi
    - React-jsiexecutor
    - React-logger
    - React-rendererdebug
    - React-runtimescheduler
    - React-utils
    - ReactCommon/turbomodule/core
    - Yoga
  - React-Fabric/core (0.73.7):
    - DoubleConversion
    - fmt (~> 6.2.1)
    - glog
    - hermes-engine
    - RCT-Folly/Fabric (= 2022.05.16.00)
    - RCTRequired
    - RCTTypeSafety
    - React-Core
    - React-cxxreact
    - React-debug
    - React-graphics
    - React-jsi
    - React-jsiexecutor
    - React-logger
    - React-rendererdebug
    - React-runtimescheduler
    - React-utils
    - ReactCommon/turbomodule/core
  - React-Fabric/imagemanager (0.73.7):
    - DoubleConversion
    - fmt (~> 6.2.1)
    - glog
    - hermes-engine
    - RCT-Folly/Fabric (= 2022.05.16.00)
    - RCTRequired
    - RCTTypeSafety
    - React-Core
    - React-cxxreact
    - React-debug
    - React-graphics
    - React-jsi
    - React-jsiexecutor
    - React-logger
    - React-rendererdebug
    - React-runtimescheduler
    - React-utils
    - ReactCommon/turbomodule/core
  - React-Fabric/leakchecker (0.73.7):
    - DoubleConversion
    - fmt (~> 6.2.1)
    - glog
    - hermes-engine
    - RCT-Folly/Fabric (= 2022.05.16.00)
    - RCTRequired
    - RCTTypeSafety
    - React-Core
    - React-cxxreact
    - React-debug
    - React-graphics
    - React-jsi
    - React-jsiexecutor
    - React-logger
    - React-rendererdebug
    - React-runtimescheduler
    - React-utils
    - ReactCommon/turbomodule/core
  - React-Fabric/mounting (0.73.7):
    - DoubleConversion
    - fmt (~> 6.2.1)
    - glog
    - hermes-engine
    - RCT-Folly/Fabric (= 2022.05.16.00)
    - RCTRequired
    - RCTTypeSafety
    - React-Core
    - React-cxxreact
    - React-debug
    - React-graphics
    - React-jsi
    - React-jsiexecutor
    - React-logger
    - React-rendererdebug
    - React-runtimescheduler
    - React-utils
    - ReactCommon/turbomodule/core
  - React-Fabric/scheduler (0.73.7):
    - DoubleConversion
    - fmt (~> 6.2.1)
    - glog
    - hermes-engine
    - RCT-Folly/Fabric (= 2022.05.16.00)
    - RCTRequired
    - RCTTypeSafety
    - React-Core
    - React-cxxreact
    - React-debug
    - React-graphics
    - React-jsi
    - React-jsiexecutor
    - React-logger
    - React-rendererdebug
    - React-runtimescheduler
    - React-utils
    - ReactCommon/turbomodule/core
  - React-Fabric/telemetry (0.73.7):
    - DoubleConversion
    - fmt (~> 6.2.1)
    - glog
    - hermes-engine
    - RCT-Folly/Fabric (= 2022.05.16.00)
    - RCTRequired
    - RCTTypeSafety
    - React-Core
    - React-cxxreact
    - React-debug
    - React-graphics
    - React-jsi
    - React-jsiexecutor
    - React-logger
    - React-rendererdebug
    - React-runtimescheduler
    - React-utils
    - ReactCommon/turbomodule/core
  - React-Fabric/templateprocessor (0.73.7):
    - DoubleConversion
    - fmt (~> 6.2.1)
    - glog
    - hermes-engine
    - RCT-Folly/Fabric (= 2022.05.16.00)
    - RCTRequired
    - RCTTypeSafety
    - React-Core
    - React-cxxreact
    - React-debug
    - React-graphics
    - React-jsi
    - React-jsiexecutor
    - React-logger
    - React-rendererdebug
    - React-runtimescheduler
    - React-utils
    - ReactCommon/turbomodule/core
  - React-Fabric/textlayoutmanager (0.73.7):
    - DoubleConversion
    - fmt (~> 6.2.1)
    - glog
    - hermes-engine
    - RCT-Folly/Fabric (= 2022.05.16.00)
    - RCTRequired
    - RCTTypeSafety
    - React-Core
    - React-cxxreact
    - React-debug
    - React-Fabric/uimanager
    - React-graphics
    - React-jsi
    - React-jsiexecutor
    - React-logger
    - React-rendererdebug
    - React-runtimescheduler
    - React-utils
    - ReactCommon/turbomodule/core
  - React-Fabric/uimanager (0.73.7):
    - DoubleConversion
    - fmt (~> 6.2.1)
    - glog
    - hermes-engine
    - RCT-Folly/Fabric (= 2022.05.16.00)
    - RCTRequired
    - RCTTypeSafety
    - React-Core
    - React-cxxreact
    - React-debug
    - React-graphics
    - React-jsi
    - React-jsiexecutor
    - React-logger
    - React-rendererdebug
    - React-runtimescheduler
    - React-utils
    - ReactCommon/turbomodule/core
  - React-FabricImage (0.73.7):
    - DoubleConversion
    - fmt (~> 6.2.1)
    - glog
    - hermes-engine
    - RCT-Folly/Fabric (= 2022.05.16.00)
    - RCTRequired (= 0.73.7)
    - RCTTypeSafety (= 0.73.7)
    - React-Fabric
    - React-graphics
    - React-ImageManager
    - React-jsi
    - React-jsiexecutor (= 0.73.7)
    - React-logger
    - React-rendererdebug
    - React-utils
    - ReactCommon
    - Yoga
  - React-graphics (0.73.7):
    - glog
    - RCT-Folly/Fabric (= 2022.05.16.00)
    - React-Core/Default (= 0.73.7)
    - React-utils
  - React-hermes (0.73.7):
    - DoubleConversion
    - fmt (~> 6.2.1)
    - glog
    - hermes-engine
    - RCT-Folly (= 2022.05.16.00)
    - RCT-Folly/Futures (= 2022.05.16.00)
    - React-cxxreact (= 0.73.7)
    - React-jsi
    - React-jsiexecutor (= 0.73.7)
    - React-jsinspector (= 0.73.7)
    - React-perflogger (= 0.73.7)
  - React-ImageManager (0.73.7):
    - glog
    - RCT-Folly/Fabric
    - React-Core/Default
    - React-debug
    - React-Fabric
    - React-graphics
    - React-rendererdebug
    - React-utils
  - React-jserrorhandler (0.73.7):
    - RCT-Folly/Fabric (= 2022.05.16.00)
    - React-debug
    - React-jsi
    - React-Mapbuffer
  - React-jsi (0.73.7):
    - boost (= 1.83.0)
    - DoubleConversion
    - fmt (~> 6.2.1)
    - glog
    - hermes-engine
    - RCT-Folly (= 2022.05.16.00)
  - React-jsiexecutor (0.73.7):
    - DoubleConversion
    - fmt (~> 6.2.1)
    - glog
    - hermes-engine
    - RCT-Folly (= 2022.05.16.00)
    - React-cxxreact (= 0.73.7)
    - React-jsi (= 0.73.7)
    - React-perflogger (= 0.73.7)
  - React-jsinspector (0.73.7)
  - React-logger (0.73.7):
    - glog
  - React-Mapbuffer (0.73.7):
    - glog
    - React-debug
  - react-native-safe-area-context (4.10.9):
    - React-Core
  - React-nativeconfig (0.73.7)
  - React-NativeModulesApple (0.73.7):
    - glog
    - hermes-engine
    - React-callinvoker
    - React-Core
    - React-cxxreact
    - React-jsi
    - React-runtimeexecutor
    - ReactCommon/turbomodule/bridging
    - ReactCommon/turbomodule/core
  - React-perflogger (0.73.7)
  - React-RCTActionSheet (0.73.7):
    - React-Core/RCTActionSheetHeaders (= 0.73.7)
  - React-RCTAnimation (0.73.7):
    - RCT-Folly (= 2022.05.16.00)
    - RCTTypeSafety
    - React-Codegen
    - React-Core/RCTAnimationHeaders
    - React-jsi
    - React-NativeModulesApple
    - ReactCommon
  - React-RCTAppDelegate (0.73.7):
    - RCT-Folly
    - RCTRequired
    - RCTTypeSafety
    - React-Core
    - React-CoreModules
    - React-hermes
    - React-nativeconfig
    - React-NativeModulesApple
    - React-RCTFabric
    - React-RCTImage
    - React-RCTNetwork
    - React-runtimescheduler
    - ReactCommon
  - React-RCTBlob (0.73.7):
    - hermes-engine
    - RCT-Folly (= 2022.05.16.00)
    - React-Codegen
    - React-Core/RCTBlobHeaders
    - React-Core/RCTWebSocket
    - React-jsi
    - React-NativeModulesApple
    - React-RCTNetwork
    - ReactCommon
  - React-RCTFabric (0.73.7):
    - glog
    - hermes-engine
    - RCT-Folly/Fabric (= 2022.05.16.00)
    - React-Core
    - React-debug
    - React-Fabric
    - React-FabricImage
    - React-graphics
    - React-ImageManager
    - React-jsi
    - React-nativeconfig
    - React-RCTImage
    - React-RCTText
    - React-rendererdebug
    - React-runtimescheduler
    - React-utils
    - Yoga
  - React-RCTImage (0.73.7):
    - RCT-Folly (= 2022.05.16.00)
    - RCTTypeSafety
    - React-Codegen
    - React-Core/RCTImageHeaders
    - React-jsi
    - React-NativeModulesApple
    - React-RCTNetwork
    - ReactCommon
  - React-RCTLinking (0.73.7):
    - React-Codegen
    - React-Core/RCTLinkingHeaders (= 0.73.7)
    - React-jsi (= 0.73.7)
    - React-NativeModulesApple
    - ReactCommon
    - ReactCommon/turbomodule/core (= 0.73.7)
  - React-RCTNetwork (0.73.7):
    - RCT-Folly (= 2022.05.16.00)
    - RCTTypeSafety
    - React-Codegen
    - React-Core/RCTNetworkHeaders
    - React-jsi
    - React-NativeModulesApple
    - ReactCommon
  - React-RCTSettings (0.73.7):
    - RCT-Folly (= 2022.05.16.00)
    - RCTTypeSafety
    - React-Codegen
    - React-Core/RCTSettingsHeaders
    - React-jsi
    - React-NativeModulesApple
    - ReactCommon
  - React-RCTText (0.73.7):
    - React-Core/RCTTextHeaders (= 0.73.7)
    - Yoga
  - React-RCTVibration (0.73.7):
    - RCT-Folly (= 2022.05.16.00)
    - React-Codegen
    - React-Core/RCTVibrationHeaders
    - React-jsi
    - React-NativeModulesApple
    - ReactCommon
  - React-rendererdebug (0.73.7):
    - DoubleConversion
    - fmt (~> 6.2.1)
    - RCT-Folly (= 2022.05.16.00)
    - React-debug
  - React-rncore (0.73.7)
  - React-runtimeexecutor (0.73.7):
    - React-jsi (= 0.73.7)
  - React-runtimescheduler (0.73.7):
    - glog
    - hermes-engine
    - RCT-Folly (= 2022.05.16.00)
    - React-callinvoker
    - React-cxxreact
    - React-debug
    - React-jsi
    - React-rendererdebug
    - React-runtimeexecutor
    - React-utils
  - React-utils (0.73.7):
    - glog
    - RCT-Folly (= 2022.05.16.00)
    - React-debug
  - ReactCommon (0.73.7):
    - React-logger (= 0.73.7)
    - ReactCommon/turbomodule (= 0.73.7)
  - ReactCommon/turbomodule (0.73.7):
    - DoubleConversion
    - fmt (~> 6.2.1)
    - glog
    - hermes-engine
    - RCT-Folly (= 2022.05.16.00)
    - React-callinvoker (= 0.73.7)
    - React-cxxreact (= 0.73.7)
    - React-jsi (= 0.73.7)
    - React-logger (= 0.73.7)
    - React-perflogger (= 0.73.7)
    - ReactCommon/turbomodule/bridging (= 0.73.7)
    - ReactCommon/turbomodule/core (= 0.73.7)
  - ReactCommon/turbomodule/bridging (0.73.7):
    - DoubleConversion
    - fmt (~> 6.2.1)
    - glog
    - hermes-engine
    - RCT-Folly (= 2022.05.16.00)
    - React-callinvoker (= 0.73.7)
    - React-cxxreact (= 0.73.7)
    - React-jsi (= 0.73.7)
    - React-logger (= 0.73.7)
    - React-perflogger (= 0.73.7)
  - ReactCommon/turbomodule/core (0.73.7):
    - DoubleConversion
    - fmt (~> 6.2.1)
    - glog
    - hermes-engine
    - RCT-Folly (= 2022.05.16.00)
    - React-callinvoker (= 0.73.7)
    - React-cxxreact (= 0.73.7)
    - React-jsi (= 0.73.7)
    - React-logger (= 0.73.7)
    - React-perflogger (= 0.73.7)
  - RecaptchaInterop (101.0.0)
  - RNCAsyncStorage (1.19.3):
    - React-Core
  - RNFBApp (21.14.0):
    - Firebase/CoreOnly (= 11.11.0)
    - React-Core
  - RNFBAuth (21.14.0):
    - Firebase/Auth (= 11.11.0)
    - React-Core
    - RNFBApp
  - RNFBMessaging (21.14.0):
    - Firebase/Messaging (= 11.11.0)
    - FirebaseCoreExtension
    - React-Core
    - RNFBApp
  - RNGestureHandler (2.20.1):
    - glog
    - RCT-Folly (= 2022.05.16.00)
    - React-Core
  - RNGoogleSignin (13.1.0):
    - GoogleSignIn (~> 7.1)
    - React-Core
  - RNReanimated (3.16.1):
    - glog
    - RCT-Folly (= 2022.05.16.00)
    - React-Core
    - ReactCommon/turbomodule/core
    - RNReanimated/reanimated (= 3.16.1)
    - RNReanimated/worklets (= 3.16.1)
  - RNReanimated/reanimated (3.16.1):
    - glog
    - RCT-Folly (= 2022.05.16.00)
    - React-Core
    - ReactCommon/turbomodule/core
    - RNReanimated/reanimated/apple (= 3.16.1)
  - RNReanimated/reanimated/apple (3.16.1):
    - glog
    - RCT-Folly (= 2022.05.16.00)
    - React-Core
    - ReactCommon/turbomodule/core
  - RNReanimated/worklets (3.16.1):
    - glog
    - RCT-Folly (= 2022.05.16.00)
    - React-Core
    - ReactCommon/turbomodule/core
  - RNScreens (3.34.0):
    - glog
    - RCT-Folly (= 2022.05.16.00)
    - React-Core
    - React-RCTImage
  - RNSVG (15.12.0):
    - React-Core
  - SocketRocket (0.6.1)
  - Yoga (1.14.0)

DEPENDENCIES:
  - boost (from `../node_modules/react-native/third-party-podspecs/boost.podspec`)
  - DoubleConversion (from `../node_modules/react-native/third-party-podspecs/DoubleConversion.podspec`)
  - FBLazyVector (from `../node_modules/react-native/Libraries/FBLazyVector`)
  - FBReactNativeSpec (from `../node_modules/react-native/React/FBReactNativeSpec`)
  - glog (from `../node_modules/react-native/third-party-podspecs/glog.podspec`)
  - hermes-engine (from `../node_modules/react-native/sdks/hermes-engine/hermes-engine.podspec`)
  - libevent (~> 2.1.12)
  - RCT-Folly (from `../node_modules/react-native/third-party-podspecs/RCT-Folly.podspec`)
  - RCT-Folly/Fabric (from `../node_modules/react-native/third-party-podspecs/RCT-Folly.podspec`)
  - RCTRequired (from `../node_modules/react-native/Libraries/RCTRequired`)
  - RCTTypeSafety (from `../node_modules/react-native/Libraries/TypeSafety`)
  - React (from `../node_modules/react-native/`)
  - React-callinvoker (from `../node_modules/react-native/ReactCommon/callinvoker`)
  - React-Codegen (from `build/generated/ios`)
  - React-Core (from `../node_modules/react-native/`)
  - React-Core/RCTWebSocket (from `../node_modules/react-native/`)
  - React-CoreModules (from `../node_modules/react-native/React/CoreModules`)
  - React-cxxreact (from `../node_modules/react-native/ReactCommon/cxxreact`)
  - React-debug (from `../node_modules/react-native/ReactCommon/react/debug`)
  - React-Fabric (from `../node_modules/react-native/ReactCommon`)
  - React-FabricImage (from `../node_modules/react-native/ReactCommon`)
  - React-graphics (from `../node_modules/react-native/ReactCommon/react/renderer/graphics`)
  - React-hermes (from `../node_modules/react-native/ReactCommon/hermes`)
  - React-ImageManager (from `../node_modules/react-native/ReactCommon/react/renderer/imagemanager/platform/ios`)
  - React-jserrorhandler (from `../node_modules/react-native/ReactCommon/jserrorhandler`)
  - React-jsi (from `../node_modules/react-native/ReactCommon/jsi`)
  - React-jsiexecutor (from `../node_modules/react-native/ReactCommon/jsiexecutor`)
  - React-jsinspector (from `../node_modules/react-native/ReactCommon/jsinspector-modern`)
  - React-logger (from `../node_modules/react-native/ReactCommon/logger`)
  - React-Mapbuffer (from `../node_modules/react-native/ReactCommon`)
  - react-native-safe-area-context (from `../node_modules/react-native-safe-area-context`)
  - React-nativeconfig (from `../node_modules/react-native/ReactCommon`)
  - React-NativeModulesApple (from `../node_modules/react-native/ReactCommon/react/nativemodule/core/platform/ios`)
  - React-perflogger (from `../node_modules/react-native/ReactCommon/reactperflogger`)
  - React-RCTActionSheet (from `../node_modules/react-native/Libraries/ActionSheetIOS`)
  - React-RCTAnimation (from `../node_modules/react-native/Libraries/NativeAnimation`)
  - React-RCTAppDelegate (from `../node_modules/react-native/Libraries/AppDelegate`)
  - React-RCTBlob (from `../node_modules/react-native/Libraries/Blob`)
  - React-RCTFabric (from `../node_modules/react-native/React`)
  - React-RCTImage (from `../node_modules/react-native/Libraries/Image`)
  - React-RCTLinking (from `../node_modules/react-native/Libraries/LinkingIOS`)
  - React-RCTNetwork (from `../node_modules/react-native/Libraries/Network`)
  - React-RCTSettings (from `../node_modules/react-native/Libraries/Settings`)
  - React-RCTText (from `../node_modules/react-native/Libraries/Text`)
  - React-RCTVibration (from `../node_modules/react-native/Libraries/Vibration`)
  - React-rendererdebug (from `../node_modules/react-native/ReactCommon/react/renderer/debug`)
  - React-rncore (from `../node_modules/react-native/ReactCommon`)
  - React-runtimeexecutor (from `../node_modules/react-native/ReactCommon/runtimeexecutor`)
  - React-runtimescheduler (from `../node_modules/react-native/ReactCommon/react/renderer/runtimescheduler`)
  - React-utils (from `../node_modules/react-native/ReactCommon/react/utils`)
  - ReactCommon/turbomodule/core (from `../node_modules/react-native/ReactCommon`)
  - "RNCAsyncStorage (from `../node_modules/@react-native-async-storage/async-storage`)"
  - "RNFBApp (from `../node_modules/@react-native-firebase/app`)"
  - "RNFBAuth (from `../node_modules/@react-native-firebase/auth`)"
  - "RNFBMessaging (from `../node_modules/@react-native-firebase/messaging`)"
  - RNGestureHandler (from `../node_modules/react-native-gesture-handler`)
  - "RNGoogleSignin (from `../node_modules/@react-native-google-signin/google-signin`)"
  - RNReanimated (from `../node_modules/react-native-reanimated`)
  - RNScreens (from `../node_modules/react-native-screens`)
  - RNSVG (from `../node_modules/react-native-svg`)
  - Yoga (from `../node_modules/react-native/ReactCommon/yoga`)

SPEC REPOS:
  trunk:
    - AppAuth
    - Firebase
    - FirebaseAppCheckInterop
    - FirebaseAuth
    - FirebaseAuthInterop
    - FirebaseCore
    - FirebaseCoreExtension
    - FirebaseCoreInternal
    - FirebaseInstallations
    - FirebaseMessaging
    - fmt
    - GoogleDataTransport
    - GoogleSignIn
    - GoogleUtilities
    - GTMAppAuth
    - GTMSessionFetcher
    - libevent
    - nanopb
    - PromisesObjC
    - RecaptchaInterop
    - SocketRocket

EXTERNAL SOURCES:
  boost:
    :podspec: "../node_modules/react-native/third-party-podspecs/boost.podspec"
  DoubleConversion:
    :podspec: "../node_modules/react-native/third-party-podspecs/DoubleConversion.podspec"
  FBLazyVector:
    :path: "../node_modules/react-native/Libraries/FBLazyVector"
  FBReactNativeSpec:
    :path: "../node_modules/react-native/React/FBReactNativeSpec"
  glog:
    :podspec: "../node_modules/react-native/third-party-podspecs/glog.podspec"
  hermes-engine:
    :podspec: "../node_modules/react-native/sdks/hermes-engine/hermes-engine.podspec"
    :tag: hermes-2024-02-20-RNv0.73.5-18f99ace4213052c5e7cdbcd39ee9766cd5df7e4
  RCT-Folly:
    :podspec: "../node_modules/react-native/third-party-podspecs/RCT-Folly.podspec"
  RCTRequired:
    :path: "../node_modules/react-native/Libraries/RCTRequired"
  RCTTypeSafety:
    :path: "../node_modules/react-native/Libraries/TypeSafety"
  React:
    :path: "../node_modules/react-native/"
  React-callinvoker:
    :path: "../node_modules/react-native/ReactCommon/callinvoker"
  React-Codegen:
    :path: build/generated/ios
  React-Core:
    :path: "../node_modules/react-native/"
  React-CoreModules:
    :path: "../node_modules/react-native/React/CoreModules"
  React-cxxreact:
    :path: "../node_modules/react-native/ReactCommon/cxxreact"
  React-debug:
    :path: "../node_modules/react-native/ReactCommon/react/debug"
  React-Fabric:
    :path: "../node_modules/react-native/ReactCommon"
  React-FabricImage:
    :path: "../node_modules/react-native/ReactCommon"
  React-graphics:
    :path: "../node_modules/react-native/ReactCommon/react/renderer/graphics"
  React-hermes:
    :path: "../node_modules/react-native/ReactCommon/hermes"
  React-ImageManager:
    :path: "../node_modules/react-native/ReactCommon/react/renderer/imagemanager/platform/ios"
  React-jserrorhandler:
    :path: "../node_modules/react-native/ReactCommon/jserrorhandler"
  React-jsi:
    :path: "../node_modules/react-native/ReactCommon/jsi"
  React-jsiexecutor:
    :path: "../node_modules/react-native/ReactCommon/jsiexecutor"
  React-jsinspector:
    :path: "../node_modules/react-native/ReactCommon/jsinspector-modern"
  React-logger:
    :path: "../node_modules/react-native/ReactCommon/logger"
  React-Mapbuffer:
    :path: "../node_modules/react-native/ReactCommon"
  react-native-safe-area-context:
    :path: "../node_modules/react-native-safe-area-context"
  React-nativeconfig:
    :path: "../node_modules/react-native/ReactCommon"
  React-NativeModulesApple:
    :path: "../node_modules/react-native/ReactCommon/react/nativemodule/core/platform/ios"
  React-perflogger:
    :path: "../node_modules/react-native/ReactCommon/reactperflogger"
  React-RCTActionSheet:
    :path: "../node_modules/react-native/Libraries/ActionSheetIOS"
  React-RCTAnimation:
    :path: "../node_modules/react-native/Libraries/NativeAnimation"
  React-RCTAppDelegate:
    :path: "../node_modules/react-native/Libraries/AppDelegate"
  React-RCTBlob:
    :path: "../node_modules/react-native/Libraries/Blob"
  React-RCTFabric:
    :path: "../node_modules/react-native/React"
  React-RCTImage:
    :path: "../node_modules/react-native/Libraries/Image"
  React-RCTLinking:
    :path: "../node_modules/react-native/Libraries/LinkingIOS"
  React-RCTNetwork:
    :path: "../node_modules/react-native/Libraries/Network"
  React-RCTSettings:
    :path: "../node_modules/react-native/Libraries/Settings"
  React-RCTText:
    :path: "../node_modules/react-native/Libraries/Text"
  React-RCTVibration:
    :path: "../node_modules/react-native/Libraries/Vibration"
  React-rendererdebug:
    :path: "../node_modules/react-native/ReactCommon/react/renderer/debug"
  React-rncore:
    :path: "../node_modules/react-native/ReactCommon"
  React-runtimeexecutor:
    :path: "../node_modules/react-native/ReactCommon/runtimeexecutor"
  React-runtimescheduler:
    :path: "../node_modules/react-native/ReactCommon/react/renderer/runtimescheduler"
  React-utils:
    :path: "../node_modules/react-native/ReactCommon/react/utils"
  ReactCommon:
    :path: "../node_modules/react-native/ReactCommon"
  RNCAsyncStorage:
    :path: "../node_modules/@react-native-async-storage/async-storage"
  RNFBApp:
    :path: "../node_modules/@react-native-firebase/app"
  RNFBAuth:
    :path: "../node_modules/@react-native-firebase/auth"
  RNFBMessaging:
    :path: "../node_modules/@react-native-firebase/messaging"
  RNGestureHandler:
    :path: "../node_modules/react-native-gesture-handler"
  RNGoogleSignin:
    :path: "../node_modules/@react-native-google-signin/google-signin"
  RNReanimated:
    :path: "../node_modules/react-native-reanimated"
  RNScreens:
    :path: "../node_modules/react-native-screens"
  RNSVG:
    :path: "../node_modules/react-native-svg"
  Yoga:
    :path: "../node_modules/react-native/ReactCommon/yoga"

SPEC CHECKSUMS:
  AppAuth: d4f13a8fe0baf391b2108511793e4b479691fb73
  boost: d3f49c53809116a5d38da093a8aa78bf551aed09
  DoubleConversion: fea03f2699887d960129cc54bba7e52542b6f953
  FBLazyVector: 9f533d5a4c75ca77c8ed774aced1a91a0701781e
  FBReactNativeSpec: 40b791f4a1df779e7e4aa12c000319f4f216d40a
  Firebase: 6a8f201c61eda24e98f1ce2b44b1b9c2caf525cc
  FirebaseAppCheckInterop: a92ba81d0ee3c4cddb1a2e52c668ea51dc63c3ae
  FirebaseAuth: 783fa4cc0420b0f6eed580721b12d4f0a5306746
  FirebaseAuthInterop: e25b58ecb90f3285085fa2118861a3c9dfdc62ad
  FirebaseCore: 2321536f9c423b1f857e047a82b8a42abc6d9e2c
  FirebaseCoreExtension: 3a64994969dd05f4bcb7e6896c654eded238e75b
  FirebaseCoreInternal: 31ee350d87b30a9349e907f84bf49ef8e6791e5a
  FirebaseInstallations: 781e0e37aa0e1c92b44d00e739aba79ad31b2dba
  FirebaseMessaging: c7be9357fd8ba33bc45b9a6c3cdff0b466e1e2a4
  fmt: ff9d55029c625d3757ed641535fd4a75fedc7ce9
  glog: c5d68082e772fa1c511173d6b30a9de2c05a69a2
  GoogleDataTransport: aae35b7ea0c09004c3797d53c8c41f66f219d6a7
  GoogleSignIn: d4281ab6cf21542b1cfaff85c191f230b399d2db
  GoogleUtilities: 00c88b9a86066ef77f0da2fab05f65d7768ed8e1
  GTMAppAuth: f69bd07d68cd3b766125f7e072c45d7340dea0de
  GTMSessionFetcher: 5aea5ba6bd522a239e236100971f10cb71b96ab6
  hermes-engine: 39589e9c297d024e90fe68f6830ff86c4e01498a
  libevent: 4049cae6c81cdb3654a443be001fb9bdceff7913
  nanopb: fad817b59e0457d11a5dfbde799381cd727c1275
  PromisesObjC: f5707f49cb48b9636751c5b2e7d227e43fba9f47
  RCT-Folly: cd21f1661364f975ae76b3308167ad66b09f53f5
  RCTRequired: 77f73950d15b8c1a2b48ba5b79020c3003d1c9b5
  RCTTypeSafety: ede1e2576424d89471ef553b2aed09fbbcc038e3
  React: 2ddb437e599df2f1bffa9b248de2de4cfa0227f0
  React-callinvoker: 10fc710367985e525e2d65bcc3a73d536c992aea
  React-Codegen: b771f598598e09eb0a10e618dd935a6d217a43eb
  React-Core: 94539e5a6c01f05f5b3b51207cb2452297a27835
  React-CoreModules: 7e5aacc985835c07faa8e95406e3f7326cce92f1
  React-cxxreact: 67431ad6c2e24ce761814923fecd5f27eef06a9c
  React-debug: 9bd4a362330d85b4f5d14e3d170b090713dc7fcf
  React-Fabric: a7ad1643ec11111569737691285133c3a79453aa
  React-FabricImage: 3dc5aeba47813d45fd36eeae7c09a7e8e6f7497f
  React-graphics: f7f3e6b9ed278d1291a5fc27d09befd570c715fc
  React-hermes: f025011c06c241d6cafbe2f465847394551a704c
  React-ImageManager: af1b47a1d8a33a228d11b6b3f4f312e3cbb30264
  React-jserrorhandler: bfb9898055d806ac3bf9ff30fb17b24ed9bddfbc
  React-jsi: 580e219940861c5d90156dfc52deb700c6d09d53
  React-jsiexecutor: ed868f628f463ab7409a15dcfd3e38101e2e7f7d
  React-jsinspector: f356e49aa086380d3a4892708ca173ad31ac69c1
  React-logger: 3017d7c365f7df9a4575f13e98c1ef1d96b85ba5
  React-Mapbuffer: 385706f2ccd18b1096e12434bab765d7cc6ce7ef
  react-native-safe-area-context: 6a3861f1430525c1de5afb90334c809b5aaab487
  React-nativeconfig: 1c018931dcd44532a5df80426c4387d71f66c737
  React-NativeModulesApple: 21e99badc890e1551808b0567ce225123e641785
  React-perflogger: 68ec84e2f858a3e35009aef8866b55893e5e0a1f
  React-RCTActionSheet: 348c4c729fdfb874f6937abbea90355ecaa6977c
  React-RCTAnimation: a2a1329fb302f92fc09a5072790e5ee33f34c599
  React-RCTAppDelegate: 4072a33e6a4318d5ea8342eba4fd753f08a09dc5
  React-RCTBlob: 64279ac7ce41c5c8a5de583d2a2ea08b2f35c9e8
  React-RCTFabric: e772541d8c16a003639a492c38c7290cc269cfdd
  React-RCTImage: 647298d9a05f18296ad14deb9faffcccbf90c3fa
  React-RCTLinking: 1af4b83559ba537485dc46dba8a7eaa3cb2ceeae
  React-RCTNetwork: 99b13f8ff8a3a8aed6f5d9c2295895938c6089ad
  React-RCTSettings: da7241ef344854b2c1d84d80d652a0535f304c41
  React-RCTText: 4e24f5a4e5473448c73e60c19ef5e1c48da1e835
  React-RCTVibration: 8a00b2adcae0924f1764a937c0b18291f02857ee
  React-rendererdebug: d1322c9a45115ad4000e902617d865100578b787
  React-rncore: c8f2a19e6f5406916029e267f13362373f2991d6
  React-runtimeexecutor: b7f307017d54701cf3a4ae41c7558051e0660658
  React-runtimescheduler: 19ae641cc603c53ff77974c2616452a6d7cb2f28
  React-utils: 096cc1c5b26e0db6d6b550e34e8b96e0cd678a77
  ReactCommon: ee2d51628f84e5cb2695194df1cd5340474d3e9e
  RecaptchaInterop: 11e0b637842dfb48308d242afc3f448062325aba
  RNCAsyncStorage: b934e5ab140257f25f5d67ded2464646731e4349
  RNFBApp: a448037d2df74af9d374a0b765be12ff1e844dc0
  RNFBAuth: 006c81cb97cd6597a36f14ec332b229626283823
  RNFBMessaging: 0f0498a95c605e3afcf13ac5f349d0b201ea65f6
  RNGestureHandler: 5d69ed5e1c8347ff745e4028a553c1fb700d7b07
  RNGoogleSignin: ba93c1137f8d5cebdd39b04f493fd212ddf5ecd6
  RNReanimated: 5bdfe65adcdb4d6d5ad38d68b80fff2f77c99460
  RNScreens: da54176e30d05e30cf6d4dc7c1b72dd50e0513bb
  RNSVG: 70d9f7add64092eb33e975b75ee5fa04295318cc
  SocketRocket: f32cd54efbe0f095c4d7594881e52619cfe80b17
  Yoga: 07db09965bc46c4902e20d3ae6990d95e53af8a8

PODFILE CHECKSUM: 3e5baafb1e180e3538936c6c120b310217456c9a

COCOAPODS: 1.16.2
